
Microsoft Visual Studio Solution File, Format Version 12.00
# Visual Studio Version 17
VisualStudioVersion = 17.0.31903.59
MinimumVisualStudioVersion = 10.0.40219.1
Project("{54A90642-561A-4BB1-A94E-469ADEE60C69}") = "Scrap.Vue", "Scrap.Vue\Scrap.Vue.esproj", "{229AF8A8-50AC-4F83-A1DC-B38302C287C4}"
EndProject
Project("{FAE04EC0-301F-11D3-BF4B-00C04F79EFBC}") = "Scrap.Api", "Scrap.Api\Scrap.Api.csproj", "{FBA9FFCA-1FA0-4B94-BC56-C31CB5E17332}"
EndProject
Global
	GlobalSection(SolutionConfigurationPlatforms) = preSolution
		Debug|Any CPU = Debug|Any CPU
		Release|Any CPU = Release|Any CPU
	EndGlobalSection
	GlobalSection(ProjectConfigurationPlatforms) = postSolution
		{229AF8A8-50AC-4F83-A1DC-B38302C287C4}.Debug|Any CPU.ActiveCfg = Debug|Any CPU
		{229AF8A8-50AC-4F83-A1DC-B38302C287C4}.Debug|Any CPU.Build.0 = Debug|Any CPU
		{229AF8A8-50AC-4F83-A1DC-B38302C287C4}.Debug|Any CPU.Deploy.0 = Debug|Any CPU
		{229AF8A8-50AC-4F83-A1DC-B38302C287C4}.Release|Any CPU.ActiveCfg = Release|Any CPU
		{229AF8A8-50AC-4F83-A1DC-B38302C287C4}.Release|Any CPU.Build.0 = Release|Any CPU
		{229AF8A8-50AC-4F83-A1DC-B38302C287C4}.Release|Any CPU.Deploy.0 = Release|Any CPU
		{FBA9FFCA-1FA0-4B94-BC56-C31CB5E17332}.Debug|Any CPU.ActiveCfg = Debug|Any CPU
		{FBA9FFCA-1FA0-4B94-BC56-C31CB5E17332}.Debug|Any CPU.Build.0 = Debug|Any CPU
		{FBA9FFCA-1FA0-4B94-BC56-C31CB5E17332}.Release|Any CPU.ActiveCfg = Release|Any CPU
		{FBA9FFCA-1FA0-4B94-BC56-C31CB5E17332}.Release|Any CPU.Build.0 = Release|Any CPU
	EndGlobalSection
	GlobalSection(SolutionProperties) = preSolution
		HideSolutionNode = FALSE
	EndGlobalSection
	GlobalSection(ExtensibilityGlobals) = postSolution
		SolutionGuid = {90C73F11-2792-43EE-831E-4BAEABF68E0B}
	EndGlobalSection
EndGlobal
